// !$*UTF8*$!
{
	archiveVersion = 1;
	classes = {
	};
	objectVersion = 77;
	objects = {

/* Begin PBXContainerItemProxy section */
		080249C02EB4CC7B001C04C9 /* PBXContainerItemProxy */ = {
			isa = PBXContainerItemProxy;
			containerPortal = 080249A12EB4CC7A001C04C9 /* Project object */;
			proxyType = 1;
			remoteGlobalIDString = 080249A82EB4CC7A001C04C9;
			remoteInfo = vido_player_test;
		};
		080249CA2EB4CC7B001C04C9 /* PBXContainerItemProxy */ = {
			isa = PBXContainerItemProxy;
			containerPortal = 080249A12EB4CC7A001C04C9 /* Project object */;
			proxyType = 1;
			remoteGlobalIDString = 080249A82EB4CC7A001C04C9;
			remoteInfo = vido_player_test;
		};
/* End PBXContainerItemProxy section */

/* Begin PBXFileReference section */
		080249A92EB4CC7A001C04C9 /* vido_player_test.app */ = {isa = PBXFileReference; explicitFileType = wrapper.application; includeInIndex = 0; path = vido_player_test.app; sourceTree = BUILT_PRODUCTS_DIR; };
		080249BF2EB4CC7B001C04C9 /* vido_player_testTests.xctest */ = {isa = PBXFileReference; explicitFileType = wrapper.cfbundle; includeInIndex = 0; path = vido_player_testTests.xctest; sourceTree = BUILT_PRODUCTS_DIR; };
		080249C92EB4CC7B001C04C9 /* vido_player_testUITests.xctest */ = {isa = PBXFileReference; explicitFileType = wrapper.cfbundle; includeInIndex = 0; path = vido_player_testUITests.xctest; sourceTree = BUILT_PRODUCTS_DIR; };
/* End PBXFileReference section */

/* Begin PBXFileSystemSynchronizedBuildFileExceptionSet section */
		080249D12EB4CC7B001C04C9 /* Exceptions for "vido_player_test" folder in "vido_player_test" target */ = {
			isa = PBXFileSystemSynchronizedBuildFileExceptionSet;
			membershipExceptions = (
				Info.plist,
			);
			target = 080249A82EB4CC7A001C04C9 /* vido_player_test */;
		};
/* End PBXFileSystemSynchronizedBuildFileExceptionSet section */

/* Begin PBXFileSystemSynchronizedRootGroup section */
		080249AB2EB4CC7A001C04C9 /* vido_player_test */ = {
			isa = PBXFileSystemSynchronizedRootGroup;
			exceptions = (
				080249D12EB4CC7B001C04C9 /* Exceptions for "vido_player_test" folder in "vido_player_test" target */,
			);
			path = vido_player_test;
			sourceTree = "<group>";
		};
		080249C22EB4CC7B001C04C9 /* vido_player_testTests */ = {
			isa = PBXFileSystemSynchronizedRootGroup;
			path = vido_player_testTests;
			sourceTree = "<group>";
		};
		080249CC2EB4CC7B001C04C9 /* vido_player_testUITests */ = {
			isa = PBXFileSystemSynchronizedRootGroup;
			path = vido_player_testUITests;
			sourceTree = "<group>";
		};
/* End PBXFileSystemSynchronizedRootGroup section */

/* Begin PBXFrameworksBuildPhase section */
		080249A62EB4CC7A001C04C9 /* Frameworks */ = {
			isa = PBXFrameworksBuildPhase;
			buildActionMask = 2147483647;
			files = (
			);
			runOnlyForDeploymentPostprocessing = 0;
		};
		080249BC2EB4CC7B001C04C9 /* Frameworks */ = {
			isa = PBXFrameworksBuildPhase;
			buildActionMask = 2147483647;
			files = (
			);
			runOnlyForDeploymentPostprocessing = 0;
		};
		080249C62EB4CC7B001C04C9 /* Frameworks */ = {
			isa = PBXFrameworksBuildPhase;
			buildActionMask = 2147483647;
			files = (
			);
			runOnlyForDeploymentPostprocessing = 0;
		};
/* End PBXFrameworksBuildPhase section */

/* Begin PBXGroup section */
		080249A02EB4CC7A001C04C9 = {
			isa = PBXGroup;
			children = (
				080249AB2EB4CC7A001C04C9 /* vido_player_test */,
				080249C22EB4CC7B001C04C9 /* vido_player_testTests */,
				080249CC2EB4CC7B001C04C9 /* vido_player_testUITests */,
				080249AA2EB4CC7A001C04C9 /* Products */,
			);
			sourceTree = "<group>";
		};
		080249AA2EB4CC7A001C04C9 /* Products */ = {
			isa = PBXGroup;
			children = (
				080249A92EB4CC7A001C04C9 /* vido_player_test.app */,
				080249BF2EB4CC7B001C04C9 /* vido_player_testTests.xctest */,
				080249C92EB4CC7B001C04C9 /* vido_player_testUITests.xctest */,
			);
			name = Products;
			sourceTree = "<group>";
		};
/* End PBXGroup section */

/* Begin PBXNativeTarget section */
		080249A82EB4CC7A001C04C9 /* vido_player_test */ = {
			isa = PBXNativeTarget;
			buildConfigurationList = 080249D22EB4CC7B001C04C9 /* Build configuration list for PBXNativeTarget "vido_player_test" */;
			buildPhases = (
				080249A52EB4CC7A001C04C9 /* Sources */,
				080249A62EB4CC7A001C04C9 /* Frameworks */,
				080249A72EB4CC7A001C04C9 /* Resources */,
			);
			buildRules = (
			);
			dependencies = (
			);
			fileSystemSynchronizedGroups = (
				080249AB2EB4CC7A001C04C9 /* vido_player_test */,
			);
			name = vido_player_test;
			packageProductDependencies = (
			);
			productName = vido_player_test;
			productReference = 080249A92EB4CC7A001C04C9 /* vido_player_test.app */;
			productType = "com.apple.product-type.application";
		};
		080249BE2EB4CC7B001C04C9 /* vido_player_testTests */ = {
			isa = PBXNativeTarget;
			buildConfigurationList = 080249D72EB4CC7B001C04C9 /* Build configuration list for PBXNativeTarget "vido_player_testTests" */;
			buildPhases = (
				080249BB2EB4CC7B001C04C9 /* Sources */,
				080249BC2EB4CC7B001C04C9 /* Frameworks */,
				080249BD2EB4CC7B001C04C9 /* Resources */,
			);
			buildRules = (
			);
			dependencies = (
				080249C12EB4CC7B001C04C9 /* PBXTargetDependency */,
			);
			fileSystemSynchronizedGroups = (
				080249C22EB4CC7B001C04C9 /* vido_player_testTests */,
			);
			name = vido_player_testTests;
			packageProductDependencies = (
			);
			productName = vido_player_testTests;
			productReference = 080249BF2EB4CC7B001C04C9 /* vido_player_testTests.xctest */;
			productType = "com.apple.product-type.bundle.unit-test";
		};
		080249C82EB4CC7B001C04C9 /* vido_player_testUITests */ = {
			isa = PBXNativeTarget;
			buildConfigurationList = 080249DA2EB4CC7B001C04C9 /* Build configuration list for PBXNativeTarget "vido_player_testUITests" */;
			buildPhases = (
				080249C52EB4CC7B001C04C9 /* Sources */,
				080249C62EB4CC7B001C04C9 /* Frameworks */,
				080249C72EB4CC7B001C04C9 /* Resources */,
			);
			buildRules = (
			);
			dependencies = (
				080249CB2EB4CC7B001C04C9 /* PBXTargetDependency */,
			);
			fileSystemSynchronizedGroups = (
				080249CC2EB4CC7B001C04C9 /* vido_player_testUITests */,
			);
			name = vido_player_testUITests;
			packageProductDependencies = (
			);
			productName = vido_player_testUITests;
			productReference = 080249C92EB4CC7B001C04C9 /* vido_player_testUITests.xctest */;
			productType = "com.apple.product-type.bundle.ui-testing";
		};
/* End PBXNativeTarget section */

/* Begin PBXProject section */
		080249A12EB4CC7A001C04C9 /* Project object */ = {
			isa = PBXProject;
			attributes = {
				BuildIndependentTargetsInParallel = 1;
				KnownAssetTags = (
					AceTaffy,
				);
				LastSwiftUpdateCheck = 2600;
				LastUpgradeCheck = 2600;
				TargetAttributes = {
					080249A82EB4CC7A001C04C9 = {
						CreatedOnToolsVersion = 26.0.1;
					};
					080249BE2EB4CC7B001C04C9 = {
						CreatedOnToolsVersion = 26.0.1;
						TestTargetID = 080249A82EB4CC7A001C04C9;
					};
					080249C82EB4CC7B001C04C9 = {
						CreatedOnToolsVersion = 26.0.1;
						TestTargetID = 080249A82EB4CC7A001C04C9;
					};
				};
			};
			buildConfigurationList = 080249A42EB4CC7A001C04C9 /* Build configuration list for PBXProject "vido_player_test" */;
			developmentRegion = en;
			hasScannedForEncodings = 0;
			knownRegions = (
				en,
				Base,
			);
			mainGroup = 080249A02EB4CC7A001C04C9;
			minimizedProjectReferenceProxies = 1;
			preferredProjectObjectVersion = 77;
			productRefGroup = 080249AA2EB4CC7A001C04C9 /* Products */;
			projectDirPath = "";
			projectRoot = "";
			targets = (
				080249A82EB4CC7A001C04C9 /* vido_player_test */,
				080249BE2EB4CC7B001C04C9 /* vido_player_testTests */,
				080249C82EB4CC7B001C04C9 /* vido_player_testUITests */,
			);
		};
/* End PBXProject section */

/* Begin PBXResourcesBuildPhase section */
		080249A72EB4CC7A001C04C9 /* Resources */ = {
			isa = PBXResourcesBuildPhase;
			buildActionMask = 2147483647;
			files = (
			);
			runOnlyForDeploymentPostprocessing = 0;
		};
		080249BD2EB4CC7B001C04C9 /* Resources */ = {
			isa = PBXResourcesBuildPhase;
			buildActionMask = 2147483647;
			files = (
			);
			runOnlyForDeploymentPostprocessing = 0;
		};
		080249C72EB4CC7B001C04C9 /* Resources */ = {
			isa = PBXResourcesBuildPhase;
			buildActionMask = 2147483647;
			files = (
			);
			runOnlyForDeploymentPostprocessing = 0;
		};
/* End PBXResourcesBuildPhase section */

/* Begin PBXSourcesBuildPhase section */
		080249A52EB4CC7A001C04C9 /* Sources */ = {
			isa = PBXSourcesBuildPhase;
			buildActionMask = 2147483647;
			files = (
			);
			runOnlyForDeploymentPostprocessing = 0;
		};
		080249BB2EB4CC7B001C04C9 /* Sources */ = {
			isa = PBXSourcesBuildPhase;
			buildActionMask = 2147483647;
			files = (
			);
			runOnlyForDeploymentPostprocessing = 0;
		};
		080249C52EB4CC7B001C04C9 /* Sources */ = {
			isa = PBXSourcesBuildPhase;
			buildActionMask = 2147483647;
			files = (
			);
			runOnlyForDeploymentPostprocessing = 0;
		};
/* End PBXSourcesBuildPhase section */

/* Begin PBXTargetDependency section */
		080249C12EB4CC7B001C04C9 /* PBXTargetDependency */ = {
			isa = PBXTargetDependency;
			target = 080249A82EB4CC7A001C04C9 /* vido_player_test */;
			targetProxy = 080249C02EB4CC7B001C04C9 /* PBXContainerItemProxy */;
		};
		080249CB2EB4CC7B001C04C9 /* PBXTargetDependency */ = {
			isa = PBXTargetDependency;
			target = 080249A82EB4CC7A001C04C9 /* vido_player_test */;
			targetProxy = 080249CA2EB4CC7B001C04C9 /* PBXContainerItemProxy */;
		};
/* End PBXTargetDependency section */

/* Begin XCBuildConfiguration section */
		080249D32EB4CC7B001C04C9 /* Debug */ = {
			isa = XCBuildConfiguration;
			buildSettings = {
				ASSETCATALOG_COMPILER_APPICON_NAME = AppIcon;
				ASSETCATALOG_COMPILER_GLOBAL_ACCENT_COLOR_NAME = AccentColor;
				CODE_SIGN_STYLE = Automatic;
				CURRENT_PROJECT_VERSION = 1;
				DEVELOPMENT_TEAM = 3R82N2QU4W;
				GENERATE_INFOPLIST_FILE = YES;
				INFOPLIST_FILE = vido_player_test/Info.plist;
				INFOPLIST_KEY_UIApplicationSupportsIndirectInputEvents = YES;
				INFOPLIST_KEY_UILaunchStoryboardName = LaunchScreen;
				INFOPLIST_KEY_UIMainStoryboardFile = Main;
				INFOPLIST_KEY_UISupportedInterfaceOrientations_iPad = "UIInterfaceOrientationPortrait UIInterfaceOrientationPortraitUpsideDown UIInterfaceOrientationLandscapeLeft UIInterfaceOrientationLandscapeRight";
				INFOPLIST_KEY_UISupportedInterfaceOrientations_iPhone = "UIInterfaceOrientationPortrait UIInterfaceOrientationLandscapeLeft UIInterfaceOrientationLandscapeRight";
				LD_RUNPATH_SEARCH_PATHS = (
					"$(inherited)",
					"@executable_path/Frameworks",
				);
				MARKETING_VERSION = 1.0;
				PRODUCT_BUNDLE_IDENTIFIER = "ColdSpell.vido-player-test";
				PRODUCT_NAME = "$(TARGET_NAME)";
				STRING_CATALOG_GENERATE_SYMBOLS = YES;
				SWIFT_APPROACHABLE_CONCURRENCY = YES;
				SWIFT_DEFAULT_ACTOR_ISOLATION = MainActor;
				SWIFT_EMIT_LOC_STRINGS = YES;
				SWIFT_UPCOMING_FEATURE_MEMBER_IMPORT_VISIBILITY = YES;
				SWIFT_VERSION = 5.0;
				TARGETED_DEVICE_FAMILY = "1,2";
			};
			name = Debug;
		};
		080249D42EB4CC7B001C04C9 /* Release */ = {
			isa = XCBuildConfiguration;
			buildSettings = {
				ASSETCATALOG_COMPILER_APPICON_NAME = AppIcon;
				ASSETCATALOG_COMPILER_GLOBAL_ACCENT_COLOR_NAME = AccentColor;
				CODE_SIGN_STYLE = Automatic;
				CURRENT_PROJECT_VERSION = 1;
				DEVELOPMENT_TEAM = 3R82N2QU4W;
				GENERATE_INFOPLIST_FILE = YES;
				INFOPLIST_FILE = vido_player_test/Info.plist;
				INFOPLIST_KEY_UIApplicationSupportsIndirectInputEvents = YES;
				INFOPLIST_KEY_UILaunchStoryboardName = LaunchScreen;
				INFOPLIST_KEY_UIMainStoryboardFile = Main;
				INFOPLIST_KEY_UISupportedInterfaceOrientations_iPad = "UIInterfaceOrientationPortrait UIInterfaceOrientationPortraitUpsideDown UIInterfaceOrientationLandscapeLeft UIInterfaceOrientationLandscapeRight";
				INFOPLIST_KEY_UISupportedInterfaceOrientations_iPhone = "UIInterfaceOrientationPortrait UIInterfaceOrientationLandscapeLeft UIInterfaceOrientationLandscapeRight";
				LD_RUNPATH_SEARCH_PATHS = (
					"$(inherited)",
					"@executable_path/Frameworks",
				);
				MARKETING_VERSION = 1.0;
				PRODUCT_BUNDLE_IDENTIFIER = "ColdSpell.vido-player-test";
				PRODUCT_NAME = "$(TARGET_NAME)";
				STRING_CATALOG_GENERATE_SYMBOLS = YES;
				SWIFT_APPROACHABLE_CONCURRENCY = YES;
				SWIFT_DEFAULT_ACTOR_ISOLATION = MainActor;
				SWIFT_EMIT_LOC_STRINGS = YES;
				SWIFT_UPCOMING_FEATURE_MEMBER_IMPORT_VISIBILITY = YES;
				SWIFT_VERSION = 5.0;
				TARGETED_DEVICE_FAMILY = "1,2";
			};
			name = Release;
		};
		080249D52EB4CC7B001C04C9 /* Debug */ = {
			isa = XCBuildConfiguration;
			buildSettings = {
				ALWAYS_SEARCH_USER_PATHS = NO;
				ASSETCATALOG_COMPILER_GENERATE_SWIFT_ASSET_SYMBOL_EXTENSIONS = YES;
				CLANG_ANALYZER_NONNULL = YES;
				CLANG_ANALYZER_NUMBER_OBJECT_CONVERSION = YES_AGGRESSIVE;
				CLANG_CXX_LANGUAGE_STANDARD = "gnu++20";
				CLANG_ENABLE_MODULES = YES;
				CLANG_ENABLE_OBJC_ARC = YES;
				CLANG_ENABLE_OBJC_WEAK = YES;
				CLANG_WARN_BLOCK_CAPTURE_AUTORELEASING = YES;
				CLANG_WARN_BOOL_CONVERSION = YES;
				CLANG_WARN_COMMA = YES;
				CLANG_WARN_CONSTANT_CONVERSION = YES;
				CLANG_WARN_DEPRECATED_OBJC_IMPLEMENTATIONS = YES;
				CLANG_WARN_DIRECT_OBJC_ISA_USAGE = YES_ERROR;
				CLANG_WARN_DOCUMENTATION_COMMENTS = YES;
				CLANG_WARN_EMPTY_BODY = YES;
				CLANG_WARN_ENUM_CONVERSION = YES;
				CLANG_WARN_INFINITE_RECURSION = YES;
				CLANG_WARN_INT_CONVERSION = YES;
				CLANG_WARN_NON_LITERAL_NULL_CONVERSION = YES;
				CLANG_WARN_OBJC_IMPLICIT_RETAIN_SELF = YES;
				CLANG_WARN_OBJC_LITERAL_CONVERSION = YES;
				CLANG_WARN_OBJC_ROOT_CLASS = YES_ERROR;
				CLANG_WARN_QUOTED_INCLUDE_IN_FRAMEWORK_HEADER = YES;
				CLANG_WARN_RANGE_LOOP_ANALYSIS = YES;
				CLANG_WARN_STRICT_PROTOTYPES = YES;
				CLANG_WARN_SUSPICIOUS_MOVE = YES;
				CLANG_WARN_UNGUARDED_AVAILABILITY = YES_AGGRESSIVE;
				CLANG_WARN_UNREACHABLE_CODE = YES;
				CLANG_WARN__DUPLICATE_METHOD_MATCH = YES;
				COPY_PHASE_STRIP = NO;
				DEBUG_INFORMATION_FORMAT = dwarf;
				DEVELOPMENT_TEAM = 3R82N2QU4W;
				ENABLE_STRICT_OBJC_MSGSEND = YES;
				ENABLE_TESTABILITY = YES;
				ENABLE_USER_SCRIPT_SANDBOXING = YES;
				GCC_C_LANGUAGE_STANDARD = gnu17;
				GCC_DYNAMIC_NO_PIC = NO;
				GCC_NO_COMMON_BLOCKS = YES;
				GCC_OPTIMIZATION_LEVEL = 0;
				GCC_PREPROCESSOR_DEFINITIONS = (
					"DEBUG=1",
					"$(inherited)",
				);
				GCC_WARN_64_TO_32_BIT_CONVERSION = YES;
				GCC_WARN_ABOUT_RETURN_TYPE = YES_ERROR;
				GCC_WARN_UNDECLARED_SELECTOR = YES;
				GCC_WARN_UNINITIALIZED_AUTOS = YES_AGGRESSIVE;
				GCC_WARN_UNUSED_FUNCTION = YES;
				GCC_WARN_UNUSED_VARIABLE = YES;
				IPHONEOS_DEPLOYMENT_TARGET = 26.0;
				LOCALIZATION_PREFERS_STRING_CATALOGS = YES;
				MTL_ENABLE_DEBUG_INFO = INCLUDE_SOURCE;
				MTL_FAST_MATH = YES;
				ONLY_ACTIVE_ARCH = YES;
				SDKROOT = iphoneos;
				SWIFT_ACTIVE_COMPILATION_CONDITIONS = "DEBUG $(inherited)";
				SWIFT_OPTIMIZATION_LEVEL = "-Onone";
			};
			name = Debug;
		};
		080249D62EB4CC7B001C04C9 /* Release */ = {
			isa = XCBuildConfiguration;
			buildSettings = {
				ALWAYS_SEARCH_USER_PATHS = NO;
				ASSETCATALOG_COMPILER_GENERATE_SWIFT_ASSET_SYMBOL_EXTENSIONS = YES;
				CLANG_ANALYZER_NONNULL = YES;
				CLANG_ANALYZER_NUMBER_OBJECT_CONVERSION = YES_AGGRESSIVE;
				CLANG_CXX_LANGUAGE_STANDARD = "gnu++20";
				CLANG_ENABLE_MODULES = YES;
				CLANG_ENABLE_OBJC_ARC = YES;
				CLANG_ENABLE_OBJC_WEAK = YES;
				CLANG_WARN_BLOCK_CAPTURE_AUTORELEASING = YES;
				CLANG_WARN_BOOL_CONVERSION = YES;
				CLANG_WARN_COMMA = YES;
				CLANG_WARN_CONSTANT_CONVERSION = YES;
				CLANG_WARN_DEPRECATED_OBJC_IMPLEMENTATIONS = YES;
				CLANG_WARN_DIRECT_OBJC_ISA_USAGE = YES_ERROR;
				CLANG_WARN_DOCUMENTATION_COMMENTS = YES;
				CLANG_WARN_EMPTY_BODY = YES;
				CLANG_WARN_ENUM_CONVERSION = YES;
				CLANG_WARN_INFINITE_RECURSION = YES;
				CLANG_WARN_INT_CONVERSION = YES;
				CLANG_WARN_NON_LITERAL_NULL_CONVERSION = YES;
				CLANG_WARN_OBJC_IMPLICIT_RETAIN_SELF = YES;
				CLANG_WARN_OBJC_LITERAL_CONVERSION = YES;
				CLANG_WARN_OBJC_ROOT_CLASS = YES_ERROR;
				CLANG_WARN_QUOTED_INCLUDE_IN_FRAMEWORK_HEADER = YES;
				CLANG_WARN_RANGE_LOOP_ANALYSIS = YES;
				CLANG_WARN_STRICT_PROTOTYPES = YES;
				CLANG_WARN_SUSPICIOUS_MOVE = YES;
				CLANG_WARN_UNGUARDED_AVAILABILITY = YES_AGGRESSIVE;
				CLANG_WARN_UNREACHABLE_CODE = YES;
				CLANG_WARN__DUPLICATE_METHOD_MATCH = YES;
				COPY_PHASE_STRIP = NO;
				DEBUG_INFORMATION_FORMAT = "dwarf-with-dsym";
				DEVELOPMENT_TEAM = 3R82N2QU4W;
				ENABLE_NS_ASSERTIONS = NO;
				ENABLE_STRICT_OBJC_MSGSEND = YES;
				ENABLE_USER_SCRIPT_SANDBOXING = YES;
				GCC_C_LANGUAGE_STANDARD = gnu17;
				GCC_NO_COMMON_BLOCKS = YES;
				GCC_WARN_64_TO_32_BIT_CONVERSION = YES;
				GCC_WARN_ABOUT_RETURN_TYPE = YES_ERROR;
				GCC_WARN_UNDECLARED_SELECTOR = YES;
				GCC_WARN_UNINITIALIZED_AUTOS = YES_AGGRESSIVE;
				GCC_WARN_UNUSED_FUNCTION = YES;
				GCC_WARN_UNUSED_VARIABLE = YES;
				IPHONEOS_DEPLOYMENT_TARGET = 26.0;
				LOCALIZATION_PREFERS_STRING_CATALOGS = YES;
				MTL_ENABLE_DEBUG_INFO = NO;
				MTL_FAST_MATH = YES;
				SDKROOT = iphoneos;
				SWIFT_COMPILATION_MODE = wholemodule;
				VALIDATE_PRODUCT = YES;
			};
			name = Release;
		};
		080249D82EB4CC7B001C04C9 /* Debug */ = {
			isa = XCBuildConfiguration;
			buildSettings = {
				BUNDLE_LOADER = "$(TEST_HOST)";
				CODE_SIGN_STYLE = Automatic;
				CURRENT_PROJECT_VERSION = 1;
				DEVELOPMENT_TEAM = 3R82N2QU4W;
				GENERATE_INFOPLIST_FILE = YES;
				IPHONEOS_DEPLOYMENT_TARGET = 26.0;
				MARKETING_VERSION = 1.0;
				PRODUCT_BUNDLE_IDENTIFIER = "ColdSpell.vido-player-testTests";
				PRODUCT_NAME = "$(TARGET_NAME)";
				STRING_CATALOG_GENERATE_SYMBOLS = NO;
				SWIFT_APPROACHABLE_CONCURRENCY = YES;
				SWIFT_EMIT_LOC_STRINGS = NO;
				SWIFT_UPCOMING_FEATURE_MEMBER_IMPORT_VISIBILITY = YES;
				SWIFT_VERSION = 5.0;
				TARGETED_DEVICE_FAMILY = "1,2";
				TEST_HOST = "$(BUILT_PRODUCTS_DIR)/vido_player_test.app/$(BUNDLE_EXECUTABLE_FOLDER_PATH)/vido_player_test";
			};
			name = Debug;
		};
		080249D92EB4CC7B001C04C9 /* Release */ = {
			isa = XCBuildConfiguration;
			buildSettings = {
				BUNDLE_LOADER = "$(TEST_HOST)";
				CODE_SIGN_STYLE = Automatic;
				CURRENT_PROJECT_VERSION = 1;
				DEVELOPMENT_TEAM = 3R82N2QU4W;
				GENERATE_INFOPLIST_FILE = YES;
				IPHONEOS_DEPLOYMENT_TARGET = 26.0;
				MARKETING_VERSION = 1.0;
				PRODUCT_BUNDLE_IDENTIFIER = "ColdSpell.vido-player-testTests";
				PRODUCT_NAME = "$(TARGET_NAME)";
				STRING_CATALOG_GENERATE_SYMBOLS = NO;
				SWIFT_APPROACHABLE_CONCURRENCY = YES;
				SWIFT_EMIT_LOC_STRINGS = NO;
				SWIFT_UPCOMING_FEATURE_MEMBER_IMPORT_VISIBILITY = YES;
				SWIFT_VERSION = 5.0;
				TARGETED_DEVICE_FAMILY = "1,2";
				TEST_HOST = "$(BUILT_PRODUCTS_DIR)/vido_player_test.app/$(BUNDLE_EXECUTABLE_FOLDER_PATH)/vido_player_test";
			};
			name = Release;
		};
		080249DB2EB4CC7B001C04C9 /* Debug */ = {
			isa = XCBuildConfiguration;
			buildSettings = {
				CODE_SIGN_STYLE = Automatic;
				CURRENT_PROJECT_VERSION = 1;
				DEVELOPMENT_TEAM = 3R82N2QU4W;
				GENERATE_INFOPLIST_FILE = YES;
				MARKETING_VERSION = 1.0;
				PRODUCT_BUNDLE_IDENTIFIER = "ColdSpell.vido-player-testUITests";
				PRODUCT_NAME = "$(TARGET_NAME)";
				STRING_CATALOG_GENERATE_SYMBOLS = NO;
				SWIFT_APPROACHABLE_CONCURRENCY = YES;
				SWIFT_EMIT_LOC_STRINGS = NO;
				SWIFT_UPCOMING_FEATURE_MEMBER_IMPORT_VISIBILITY = YES;
				SWIFT_VERSION = 5.0;
				TARGETED_DEVICE_FAMILY = "1,2";
				TEST_TARGET_NAME = vido_player_test;
			};
			name = Debug;
		};
		080249DC2EB4CC7B001C04C9 /* Release */ = {
			isa = XCBuildConfiguration;
			buildSettings = {
				CODE_SIGN_STYLE = Automatic;
				CURRENT_PROJECT_VERSION = 1;
				DEVELOPMENT_TEAM = 3R82N2QU4W;
				GENERATE_INFOPLIST_FILE = YES;
				MARKETING_VERSION = 1.0;
				PRODUCT_BUNDLE_IDENTIFIER = "ColdSpell.vido-player-testUITests";
				PRODUCT_NAME = "$(TARGET_NAME)";
				STRING_CATALOG_GENERATE_SYMBOLS = NO;
				SWIFT_APPROACHABLE_CONCURRENCY = YES;
				SWIFT_EMIT_LOC_STRINGS = NO;
				SWIFT_UPCOMING_FEATURE_MEMBER_IMPORT_VISIBILITY = YES;
				SWIFT_VERSION = 5.0;
				TARGETED_DEVICE_FAMILY = "1,2";
				TEST_TARGET_NAME = vido_player_test;
			};
			name = Release;
		};
/* End XCBuildConfiguration section */

/* Begin XCConfigurationList section */
		080249A42EB4CC7A001C04C9 /* Build configuration list for PBXProject "vido_player_test" */ = {
			isa = XCConfigurationList;
			buildConfigurations = (
				080249D52EB4CC7B001C04C9 /* Debug */,
				080249D62EB4CC7B001C04C9 /* Release */,
			);
			defaultConfigurationIsVisible = 0;
			defaultConfigurationName = Release;
		};
		080249D22EB4CC7B001C04C9 /* Build configuration list for PBXNativeTarget "vido_player_test" */ = {
			isa = XCConfigurationList;
			buildConfigurations = (
				080249D32EB4CC7B001C04C9 /* Debug */,
				080249D42EB4CC7B001C04C9 /* Release */,
			);
			defaultConfigurationIsVisible = 0;
			defaultConfigurationName = Release;
		};
		080249D72EB4CC7B001C04C9 /* Build configuration list for PBXNativeTarget "vido_player_testTests" */ = {
			isa = XCConfigurationList;
			buildConfigurations = (
				080249D82EB4CC7B001C04C9 /* Debug */,
				080249D92EB4CC7B001C04C9 /* Release */,
			);
			defaultConfigurationIsVisible = 0;
			defaultConfigurationName = Release;
		};
		080249DA2EB4CC7B001C04C9 /* Build configuration list for PBXNativeTarget "vido_player_testUITests" */ = {
			isa = XCConfigurationList;
			buildConfigurations = (
				080249DB2EB4CC7B001C04C9 /* Debug */,
				080249DC2EB4CC7B001C04C9 /* Release */,
			);
			defaultConfigurationIsVisible = 0;
			defaultConfigurationName = Release;
		};
/* End XCConfigurationList section */
	};
	rootObject = 080249A12EB4CC7A001C04C9 /* Project object */;
}
